
Microsoft Visual Studio Solution File, Format Version 12.00
# Visual Studio 14
VisualStudioVersion = 14.0.25123.0
MinimumVisualStudioVersion = 10.0.40219.1
Project("{C6C7AB0B-F4C3-4C6F-8C72-95D66F6F9F9D}") = "Sitecore.Support.112928", "Sitecore.Support.112928\Sitecore.Support.112928.csproj", "{6EAE40DB-9182-45FD-83B6-5F445661C225}"
EndProject
Global
	GlobalSection(SolutionConfigurationPlatforms) = preSolution
		Debug|Any CPU = Debug|Any CPU
		Release|Any CPU = Release|Any CPU
	EndGlobalSection
	GlobalSection(ProjectConfigurationPlatforms) = postSolution
		{6EAE40DB-9182-45FD-83B6-5F445661C225}.Debug|Any CPU.ActiveCfg = Debug|Any CPU
		{6EAE40DB-9182-45FD-83B6-5F445661C225}.Debug|Any CPU.Build.0 = Debug|Any CPU
		{6EAE40DB-9182-45FD-83B6-5F445661C225}.Release|Any CPU.ActiveCfg = Release|Any CPU
		{6EAE40DB-9182-45FD-83B6-5F445661C225}.Release|Any CPU.Build.0 = Release|Any CPU
	EndGlobalSection
	GlobalSection(SolutionProperties) = preSolution
		HideSolutionNode = FALSE
	EndGlobalSection
EndGlobal
